<?xml version="1.0" encoding="utf-8"?>
<Project ToolsVersion="4.0" xmlns="http://schemas.microsoft.com/developer/msbuild/2003">
  <ItemGroup>
    <Filter Include="FrameWork">
      <UniqueIdentifier>{7b65bbed-6e83-4cc8-9c4f-961050cae57b}</UniqueIdentifier>
    </Filter>
    <Filter Include="FrameWork\Node">
      <UniqueIdentifier>{43ab373c-a976-457f-bcee-bbfc43eb3693}</UniqueIdentifier>
    </Filter>
    <Filter Include="Game">
      <UniqueIdentifier>{bff92479-aded-4bbb-a31f-bec299500907}</UniqueIdentifier>
    </Filter>
    <Filter Include="Main">
      <UniqueIdentifier>{f17fe9b6-b58a-4c2f-be29-96586991514b}</UniqueIdentifier>
    </Filter>
    <Filter Include="Game\Mgrs">
      <UniqueIdentifier>{681cfe65-040d-4645-9abe-f2d0fa37c46b}</UniqueIdentifier>
    </Filter>
    <Filter Include="Game\Object">
      <UniqueIdentifier>{f60928ff-4038-4b6c-9b3f-de8e54cce740}</UniqueIdentifier>
    </Filter>
    <Filter Include="FrameWork\Core">
      <UniqueIdentifier>{94381774-e408-4df3-a1f3-2ae46f6c1ee3}</UniqueIdentifier>
    </Filter>
    <Filter Include="Game\Object\Scene">
      <UniqueIdentifier>{6a0b488c-024d-464b-b7e5-e43bc432ea1d}</UniqueIdentifier>
    </Filter>
    <Filter Include="Game\Object\Object">
      <UniqueIdentifier>{6748b3cd-5d01-454c-81bf-c83ec9f499a1}</UniqueIdentifier>
    </Filter>
    <Filter Include="Game\Object\State">
      <UniqueIdentifier>{0deff208-5a72-405f-be59-c8818ba08722}</UniqueIdentifier>
    </Filter>
    <Filter Include="Game\Object\State\PlayerState">
      <UniqueIdentifier>{32895505-6d1e-4122-acd1-21614cfad4b8}</UniqueIdentifier>
    </Filter>
    <Filter Include="Game\Object\State\EnemyState">
      <UniqueIdentifier>{c4a92f71-9330-4df3-b524-594cdf2831e8}</UniqueIdentifier>
    </Filter>
  </ItemGroup>
  <ItemGroup>
    <ClCompile Include="Space.cpp">
      <Filter>Main</Filter>
    </ClCompile>
    <ClCompile Include="App.cpp">
      <Filter>FrameWork\Core</Filter>
    </ClCompile>
    <ClCompile Include="stdafx.cpp">
      <Filter>Main</Filter>
    </ClCompile>
    <ClCompile Include="Input.cpp">
      <Filter>FrameWork\Core</Filter>
    </ClCompile>
    <ClCompile Include="Renderer.cpp">
      <Filter>FrameWork\Core</Filter>
    </ClCompile>
    <ClCompile Include="ResourceMgr.cpp">
      <Filter>FrameWork\Core</Filter>
    </ClCompile>
    <ClCompile Include="SceneDirector.cpp">
      <Filter>FrameWork\Core</Filter>
    </ClCompile>
    <ClCompile Include="Animation.cpp">
      <Filter>FrameWork\Node</Filter>
    </ClCompile>
    <ClCompile Include="Camera.cpp">
      <Filter>FrameWork\Node</Filter>
    </ClCompile>
    <ClCompile Include="Object.cpp">
      <Filter>FrameWork\Node</Filter>
    </ClCompile>
    <ClCompile Include="Scene.cpp">
      <Filter>FrameWork\Node</Filter>
    </ClCompile>
    <ClCompile Include="Sprite.cpp">
      <Filter>FrameWork\Node</Filter>
    </ClCompile>
    <ClCompile Include="Texture.cpp">
      <Filter>FrameWork\Node</Filter>
    </ClCompile>
    <ClCompile Include="CollisionMgr.cpp">
      <Filter>Game\Mgrs</Filter>
    </ClCompile>
    <ClCompile Include="EffectMgr.cpp">
      <Filter>Game\Mgrs</Filter>
    </ClCompile>
    <ClCompile Include="ObjectMgr.cpp">
      <Filter>Game\Mgrs</Filter>
    </ClCompile>
    <ClCompile Include="SoundMgr.cpp">
      <Filter>Game\Mgrs</Filter>
    </ClCompile>
    <ClCompile Include="TextMgr.cpp">
      <Filter>Game\Mgrs</Filter>
    </ClCompile>
    <ClCompile Include="MainScene.cpp">
      <Filter>Game\Object\Scene</Filter>
    </ClCompile>
    <ClCompile Include="LineMgr.cpp">
      <Filter>Game\Mgrs</Filter>
    </ClCompile>
    <ClCompile Include="CharacterSelect.cpp">
      <Filter>Game\Object\Scene</Filter>
    </ClCompile>
    <ClCompile Include="Stage1.cpp">
      <Filter>Game\Object\Scene</Filter>
    </ClCompile>
    <ClCompile Include="Game.cpp">
      <Filter>Game\Mgrs</Filter>
    </ClCompile>
    <ClCompile Include="PlayerState.cpp">
      <Filter>Game\Object\State\PlayerState</Filter>
    </ClCompile>
    <ClCompile Include="StateIdle.cpp">
      <Filter>Game\Object\State\PlayerState</Filter>
    </ClCompile>
    <ClCompile Include="Player.cpp">
      <Filter>Game\Object\Object</Filter>
    </ClCompile>
    <ClCompile Include="StateRun.cpp">
      <Filter>Game\Object\State\PlayerState</Filter>
    </ClCompile>
    <ClCompile Include="StateJump.cpp">
      <Filter>Game\Object\State\PlayerState</Filter>
    </ClCompile>
    <ClCompile Include="StateJumpRun.cpp">
      <Filter>Game\Object\State\PlayerState</Filter>
    </ClCompile>
    <ClCompile Include="StateAppear.cpp">
      <Filter>Game\Object\State\PlayerState</Filter>
    </ClCompile>
    <ClCompile Include="StateUnder.cpp">
      <Filter>Game\Object\State\PlayerState</Filter>
    </ClCompile>
    <ClCompile Include="StateUp.cpp">
      <Filter>Game\Object\State\PlayerState</Filter>
    </ClCompile>
    <ClCompile Include="StateShot.cpp">
      <Filter>Game\Object\State\PlayerState</Filter>
    </ClCompile>
    <ClCompile Include="Bullet.cpp">
      <Filter>Game\Object\Object</Filter>
    </ClCompile>
    <ClCompile Include="StateUpShot.cpp">
      <Filter>Game\Object\State\PlayerState</Filter>
    </ClCompile>
    <ClCompile Include="StateUnderShot.cpp">
      <Filter>Game\Object\State\PlayerState</Filter>
    </ClCompile>
    <ClCompile Include="StateDown.cpp">
      <Filter>Game\Object\State\PlayerState</Filter>
    </ClCompile>
    <ClCompile Include="StateDownMove.cpp">
      <Filter>Game\Object\State\PlayerState</Filter>
    </ClCompile>
    <ClCompile Include="StateDownShot.cpp">
      <Filter>Game\Object\State\PlayerState</Filter>
    </ClCompile>
    <ClCompile Include="StateJumpShot.cpp">
      <Filter>Game\Object\State\PlayerState</Filter>
    </ClCompile>
    <ClCompile Include="StateJumpRunShot.cpp">
      <Filter>Game\Object\State\PlayerState</Filter>
    </ClCompile>
    <ClCompile Include="StateBomb.cpp">
      <Filter>Game\Object\State\PlayerState</Filter>
    </ClCompile>
    <ClCompile Include="Bomb.cpp">
      <Filter>Game\Object\Object</Filter>
    </ClCompile>
    <ClCompile Include="UI.cpp">
      <Filter>Game\Mgrs</Filter>
    </ClCompile>
    <ClCompile Include="StateJumpBomb.cpp">
      <Filter>Game\Object\State\PlayerState</Filter>
    </ClCompile>
    <ClCompile Include="StateJumpRunBomb.cpp">
      <Filter>Game\Object\State\PlayerState</Filter>
    </ClCompile>
    <ClCompile Include="Arabian.cpp">
      <Filter>Game\Object\Object</Filter>
    </ClCompile>
    <ClCompile Include="ArabianState.cpp">
      <Filter>Game\Object\State\EnemyState</Filter>
    </ClCompile>
    <ClCompile Include="ArabianStateIdle.cpp">
      <Filter>Game\Object\State\EnemyState</Filter>
    </ClCompile>
  </ItemGroup>
  <ItemGroup>
    <ClInclude Include="App.h">
      <Filter>FrameWork\Core</Filter>
    </ClInclude>
    <ClInclude Include="stdafx.h">
      <Filter>Main</Filter>
    </ClInclude>
    <ClInclude Include="Singleton.h">
      <Filter>FrameWork\Core</Filter>
    </ClInclude>
    <ClInclude Include="Input.h">
      <Filter>FrameWork\Core</Filter>
    </ClInclude>
    <ClInclude Include="Renderer.h">
      <Filter>FrameWork\Core</Filter>
    </ClInclude>
    <ClInclude Include="ResourceMgr.h">
      <Filter>FrameWork\Core</Filter>
    </ClInclude>
    <ClInclude Include="SceneDirector.h">
      <Filter>FrameWork\Core</Filter>
    </ClInclude>
    <ClInclude Include="Animation.h">
      <Filter>FrameWork\Node</Filter>
    </ClInclude>
    <ClInclude Include="Camera.h">
      <Filter>FrameWork\Node</Filter>
    </ClInclude>
    <ClInclude Include="Object.h">
      <Filter>FrameWork\Node</Filter>
    </ClInclude>
    <ClInclude Include="Scene.h">
      <Filter>FrameWork\Node</Filter>
    </ClInclude>
    <ClInclude Include="Sprite.h">
      <Filter>FrameWork\Node</Filter>
    </ClInclude>
    <ClInclude Include="Texture.h">
      <Filter>FrameWork\Node</Filter>
    </ClInclude>
    <ClInclude Include="CollisionMgr.h">
      <Filter>Game\Mgrs</Filter>
    </ClInclude>
    <ClInclude Include="EffectMgr.h">
      <Filter>Game\Mgrs</Filter>
    </ClInclude>
    <ClInclude Include="ObjectMgr.h">
      <Filter>Game\Mgrs</Filter>
    </ClInclude>
    <ClInclude Include="SoundMgr.h">
      <Filter>Game\Mgrs</Filter>
    </ClInclude>
    <ClInclude Include="TextMgr.h">
      <Filter>Game\Mgrs</Filter>
    </ClInclude>
    <ClInclude Include="MainScene.h">
      <Filter>Game\Object\Scene</Filter>
    </ClInclude>
    <ClInclude Include="LineMgr.h">
      <Filter>Game\Mgrs</Filter>
    </ClInclude>
    <ClInclude Include="CharacterSelect.h">
      <Filter>Game\Object\Scene</Filter>
    </ClInclude>
    <ClInclude Include="Stage1.h">
      <Filter>Game\Object\Scene</Filter>
    </ClInclude>
    <ClInclude Include="Game.h">
      <Filter>Game\Mgrs</Filter>
    </ClInclude>
    <ClInclude Include="StateIdle.h">
      <Filter>Game\Object\State\PlayerState</Filter>
    </ClInclude>
    <ClInclude Include="Player.h">
      <Filter>Game\Object\Object</Filter>
    </ClInclude>
    <ClInclude Include="StateRun.h">
      <Filter>Game\Object\State\PlayerState</Filter>
    </ClInclude>
    <ClInclude Include="StateJump.h">
      <Filter>Game\Object\State\PlayerState</Filter>
    </ClInclude>
    <ClInclude Include="StateJumpRun.h">
      <Filter>Game\Object\State\PlayerState</Filter>
    </ClInclude>
    <ClInclude Include="StateAppear.h">
      <Filter>Game\Object\State\PlayerState</Filter>
    </ClInclude>
    <ClInclude Include="StateUnder.h">
      <Filter>Game\Object\State\PlayerState</Filter>
    </ClInclude>
    <ClInclude Include="StateUp.h">
      <Filter>Game\Object\State\PlayerState</Filter>
    </ClInclude>
    <ClInclude Include="StateShot.h">
      <Filter>Game\Object\State\PlayerState</Filter>
    </ClInclude>
    <ClInclude Include="Bullet.h">
      <Filter>Game\Object\Object</Filter>
    </ClInclude>
    <ClInclude Include="StateUpShot.h">
      <Filter>Game\Object\State\PlayerState</Filter>
    </ClInclude>
    <ClInclude Include="StateUnderShot.h">
      <Filter>Game\Object\State\PlayerState</Filter>
    </ClInclude>
    <ClInclude Include="StateDown.h">
      <Filter>Game\Object\State\PlayerState</Filter>
    </ClInclude>
    <ClInclude Include="StateDownMove.h">
      <Filter>Game\Object\State\PlayerState</Filter>
    </ClInclude>
    <ClInclude Include="StateDownShot.h">
      <Filter>Game\Object\State\PlayerState</Filter>
    </ClInclude>
    <ClInclude Include="PlayerState.h">
      <Filter>Game\Object\State\PlayerState</Filter>
    </ClInclude>
    <ClInclude Include="StateJumpShot.h">
      <Filter>Game\Object\State\PlayerState</Filter>
    </ClInclude>
    <ClInclude Include="StateJumpRunShot.h">
      <Filter>Game\Object\State\PlayerState</Filter>
    </ClInclude>
    <ClInclude Include="StateBomb.h">
      <Filter>Game\Object\State\PlayerState</Filter>
    </ClInclude>
    <ClInclude Include="Bomb.h">
      <Filter>Game\Object\Object</Filter>
    </ClInclude>
    <ClInclude Include="UI.h">
      <Filter>Game\Mgrs</Filter>
    </ClInclude>
    <ClInclude Include="StateJumpBomb.h">
      <Filter>Game\Object\State\PlayerState</Filter>
    </ClInclude>
    <ClInclude Include="StateJumpRunBomb.h">
      <Filter>Game\Object\State\PlayerState</Filter>
    </ClInclude>
    <ClInclude Include="Arabian.h">
      <Filter>Game\Object\Object</Filter>
    </ClInclude>
    <ClInclude Include="ArabianState.h">
      <Filter>Game\Object\State\EnemyState</Filter>
    </ClInclude>
    <ClInclude Include="ArabianStateIdle.h">
      <Filter>Game\Object\State\EnemyState</Filter>
    </ClInclude>
  </ItemGroup>
</Project>